
Microsoft Visual Studio Solution File, Format Version 12.00
# Visual Studio Version 17
VisualStudioVersion = 17.0.32014.148
MinimumVisualStudioVersion = 10.0.40219.1
Project("{2150E333-8FDC-42A3-9474-1A3956D46DE8}") = "src", "src", "{3AAC11A1-A1AC-4F03-85A0-6E83EF6075B3}"
EndProject
Project("{9A19103F-16F7-4668-BE54-9A1E7A4F7556}") = "MinimalApisSample", "src\MinimalApisSample\MinimalApisSample.csproj", "{0CA489AC-9552-4C39-BFB7-1A276D8B55E6}"
EndProject
Project("{9A19103F-16F7-4668-BE54-9A1E7A4F7556}") = "CSharp10Sample", "src\CSharp10Sample\CSharp10Sample.csproj", "{5FBE6629-4DAC-4057-8DEA-67A7DB5FA397}"
EndProject
Project("{2150E333-8FDC-42A3-9474-1A3956D46DE8}") = "build", "build", "{C6F271D4-F817-4D74-B4BD-0AC9A260AB4D}"
	ProjectSection(SolutionItems) = preProject
		build\dependencies.props = build\dependencies.props
		build\settings.props = build\settings.props
		build\sources.props = build\sources.props
	EndProjectSection
EndProject
Project("{2150E333-8FDC-42A3-9474-1A3956D46DE8}") = "Solution Items", "Solution Items", "{58BB8128-B110-4217-9DD2-B935A76435B2}"
	ProjectSection(SolutionItems) = preProject
		.dockerignore = .dockerignore
		.gitattributes = .gitattributes
		.gitignore = .gitignore
		Directory.Build.props = Directory.Build.props
		Directory.Build.targets = Directory.Build.targets
		LICENSE = LICENSE
		README.md = README.md
	EndProjectSection
EndProject
Project("{2150E333-8FDC-42A3-9474-1A3956D46DE8}") = "test", "test", "{9BC3C77F-F04E-48C1-A095-D97730408395}"
EndProject
Project("{9A19103F-16F7-4668-BE54-9A1E7A4F7556}") = "Bet.AspNetCore.Minimal.Apis", "src\Bet.AspNetCore.Minimal.Apis\Bet.AspNetCore.Minimal.Apis.csproj", "{C362E52C-EA4A-407C-BE78-4F68AE7B013A}"
EndProject
Project("{FAE04EC0-301F-11D3-BF4B-00C04F79EFBC}") = "Bet.AspNetCore.Minimal.Apis.FunctionalTests", "test\Bet.AspNetCore.Minimal.Apis.FunctionalTests\Bet.AspNetCore.Minimal.Apis.FunctionalTests.csproj", "{D793CC30-E331-4E28-967A-0DF2C3D153BB}"
EndProject
Global
	GlobalSection(SolutionConfigurationPlatforms) = preSolution
		Debug|Any CPU = Debug|Any CPU
		Debug|x64 = Debug|x64
		Debug|x86 = Debug|x86
		Release|Any CPU = Release|Any CPU
		Release|x64 = Release|x64
		Release|x86 = Release|x86
	EndGlobalSection
	GlobalSection(ProjectConfigurationPlatforms) = postSolution
		{0CA489AC-9552-4C39-BFB7-1A276D8B55E6}.Debug|Any CPU.ActiveCfg = Debug|Any CPU
		{0CA489AC-9552-4C39-BFB7-1A276D8B55E6}.Debug|Any CPU.Build.0 = Debug|Any CPU
		{0CA489AC-9552-4C39-BFB7-1A276D8B55E6}.Debug|x64.ActiveCfg = Debug|Any CPU
		{0CA489AC-9552-4C39-BFB7-1A276D8B55E6}.Debug|x64.Build.0 = Debug|Any CPU
		{0CA489AC-9552-4C39-BFB7-1A276D8B55E6}.Debug|x86.ActiveCfg = Debug|Any CPU
		{0CA489AC-9552-4C39-BFB7-1A276D8B55E6}.Debug|x86.Build.0 = Debug|Any CPU
		{0CA489AC-9552-4C39-BFB7-1A276D8B55E6}.Release|Any CPU.ActiveCfg = Release|Any CPU
		{0CA489AC-9552-4C39-BFB7-1A276D8B55E6}.Release|Any CPU.Build.0 = Release|Any CPU
		{0CA489AC-9552-4C39-BFB7-1A276D8B55E6}.Release|x64.ActiveCfg = Release|Any CPU
		{0CA489AC-9552-4C39-BFB7-1A276D8B55E6}.Release|x64.Build.0 = Release|Any CPU
		{0CA489AC-9552-4C39-BFB7-1A276D8B55E6}.Release|x86.ActiveCfg = Release|Any CPU
		{0CA489AC-9552-4C39-BFB7-1A276D8B55E6}.Release|x86.Build.0 = Release|Any CPU
		{5FBE6629-4DAC-4057-8DEA-67A7DB5FA397}.Debug|Any CPU.ActiveCfg = Debug|Any CPU
		{5FBE6629-4DAC-4057-8DEA-67A7DB5FA397}.Debug|Any CPU.Build.0 = Debug|Any CPU
		{5FBE6629-4DAC-4057-8DEA-67A7DB5FA397}.Debug|x64.ActiveCfg = Debug|Any CPU
		{5FBE6629-4DAC-4057-8DEA-67A7DB5FA397}.Debug|x64.Build.0 = Debug|Any CPU
		{5FBE6629-4DAC-4057-8DEA-67A7DB5FA397}.Debug|x86.ActiveCfg = Debug|Any CPU
		{5FBE6629-4DAC-4057-8DEA-67A7DB5FA397}.Debug|x86.Build.0 = Debug|Any CPU
		{5FBE6629-4DAC-4057-8DEA-67A7DB5FA397}.Release|Any CPU.ActiveCfg = Release|Any CPU
		{5FBE6629-4DAC-4057-8DEA-67A7DB5FA397}.Release|Any CPU.Build.0 = Release|Any CPU
		{5FBE6629-4DAC-4057-8DEA-67A7DB5FA397}.Release|x64.ActiveCfg = Release|Any CPU
		{5FBE6629-4DAC-4057-8DEA-67A7DB5FA397}.Release|x64.Build.0 = Release|Any CPU
		{5FBE6629-4DAC-4057-8DEA-67A7DB5FA397}.Release|x86.ActiveCfg = Release|Any CPU
		{5FBE6629-4DAC-4057-8DEA-67A7DB5FA397}.Release|x86.Build.0 = Release|Any CPU
		{C362E52C-EA4A-407C-BE78-4F68AE7B013A}.Debug|Any CPU.ActiveCfg = Debug|Any CPU
		{C362E52C-EA4A-407C-BE78-4F68AE7B013A}.Debug|Any CPU.Build.0 = Debug|Any CPU
		{C362E52C-EA4A-407C-BE78-4F68AE7B013A}.Debug|x64.ActiveCfg = Debug|Any CPU
		{C362E52C-EA4A-407C-BE78-4F68AE7B013A}.Debug|x64.Build.0 = Debug|Any CPU
		{C362E52C-EA4A-407C-BE78-4F68AE7B013A}.Debug|x86.ActiveCfg = Debug|Any CPU
		{C362E52C-EA4A-407C-BE78-4F68AE7B013A}.Debug|x86.Build.0 = Debug|Any CPU
		{C362E52C-EA4A-407C-BE78-4F68AE7B013A}.Release|Any CPU.ActiveCfg = Release|Any CPU
		{C362E52C-EA4A-407C-BE78-4F68AE7B013A}.Release|Any CPU.Build.0 = Release|Any CPU
		{C362E52C-EA4A-407C-BE78-4F68AE7B013A}.Release|x64.ActiveCfg = Release|Any CPU
		{C362E52C-EA4A-407C-BE78-4F68AE7B013A}.Release|x64.Build.0 = Release|Any CPU
		{C362E52C-EA4A-407C-BE78-4F68AE7B013A}.Release|x86.ActiveCfg = Release|Any CPU
		{C362E52C-EA4A-407C-BE78-4F68AE7B013A}.Release|x86.Build.0 = Release|Any CPU
		{D793CC30-E331-4E28-967A-0DF2C3D153BB}.Debug|Any CPU.ActiveCfg = Debug|Any CPU
		{D793CC30-E331-4E28-967A-0DF2C3D153BB}.Debug|Any CPU.Build.0 = Debug|Any CPU
		{D793CC30-E331-4E28-967A-0DF2C3D153BB}.Debug|x64.ActiveCfg = Debug|Any CPU
		{D793CC30-E331-4E28-967A-0DF2C3D153BB}.Debug|x64.Build.0 = Debug|Any CPU
		{D793CC30-E331-4E28-967A-0DF2C3D153BB}.Debug|x86.ActiveCfg = Debug|Any CPU
		{D793CC30-E331-4E28-967A-0DF2C3D153BB}.Debug|x86.Build.0 = Debug|Any CPU
		{D793CC30-E331-4E28-967A-0DF2C3D153BB}.Release|Any CPU.ActiveCfg = Release|Any CPU
		{D793CC30-E331-4E28-967A-0DF2C3D153BB}.Release|Any CPU.Build.0 = Release|Any CPU
		{D793CC30-E331-4E28-967A-0DF2C3D153BB}.Release|x64.ActiveCfg = Release|Any CPU
		{D793CC30-E331-4E28-967A-0DF2C3D153BB}.Release|x64.Build.0 = Release|Any CPU
		{D793CC30-E331-4E28-967A-0DF2C3D153BB}.Release|x86.ActiveCfg = Release|Any CPU
		{D793CC30-E331-4E28-967A-0DF2C3D153BB}.Release|x86.Build.0 = Release|Any CPU
	EndGlobalSection
	GlobalSection(SolutionProperties) = preSolution
		HideSolutionNode = FALSE
	EndGlobalSection
	GlobalSection(NestedProjects) = preSolution
		{0CA489AC-9552-4C39-BFB7-1A276D8B55E6} = {3AAC11A1-A1AC-4F03-85A0-6E83EF6075B3}
		{5FBE6629-4DAC-4057-8DEA-67A7DB5FA397} = {3AAC11A1-A1AC-4F03-85A0-6E83EF6075B3}
		{C362E52C-EA4A-407C-BE78-4F68AE7B013A} = {3AAC11A1-A1AC-4F03-85A0-6E83EF6075B3}
		{D793CC30-E331-4E28-967A-0DF2C3D153BB} = {9BC3C77F-F04E-48C1-A095-D97730408395}
	EndGlobalSection
	GlobalSection(ExtensibilityGlobals) = postSolution
		SolutionGuid = {C92CE9CA-6E0C-4E08-B1C4-D0E710BD5D0F}
	EndGlobalSection
EndGlobal
